
Microsoft Visual Studio Solution File, Format Version 12.00
# Visual Studio Version 17
VisualStudioVersion = 17.3.32819.101
MinimumVisualStudioVersion = 10.0.40219.1
Project("{FAE04EC0-301F-11D3-BF4B-00C04F79EFBC}") = "MyDictionary", "examen\MyDictionary.csproj", "{B3DC2582-B62B-44B3-94D1-5BA75DF4D54E}"
EndProject
Global
	GlobalSection(SolutionConfigurationPlatforms) = preSolution
		Debug|Any CPU = Debug|Any CPU
		Release|Any CPU = Release|Any CPU
	EndGlobalSection
	GlobalSection(ProjectConfigurationPlatforms) = postSolution
		{B3DC2582-B62B-44B3-94D1-5BA75DF4D54E}.Debug|Any CPU.ActiveCfg = Debug|Any CPU
		{B3DC2582-B62B-44B3-94D1-5BA75DF4D54E}.Debug|Any CPU.Build.0 = Debug|Any CPU
		{B3DC2582-B62B-44B3-94D1-5BA75DF4D54E}.Release|Any CPU.ActiveCfg = Release|Any CPU
		{B3DC2582-B62B-44B3-94D1-5BA75DF4D54E}.Release|Any CPU.Build.0 = Release|Any CPU
	EndGlobalSection
	GlobalSection(SolutionProperties) = preSolution
		HideSolutionNode = FALSE
	EndGlobalSection
	GlobalSection(ExtensibilityGlobals) = postSolution
		SolutionGuid = {AEAD5316-6626-483A-B571-24AE71C98A3A}
	EndGlobalSection
EndGlobal
